
Microsoft Visual Studio Solution File, Format Version 12.00
# Visual Studio Version 17
VisualStudioVersion = 17.4.33205.214
MinimumVisualStudioVersion = 10.0.40219.1
Project("{FAE04EC0-301F-11D3-BF4B-00C04F79EFBC}") = "T2204M", "T2204M.csproj", "{BDBB32CF-40EE-466E-9D44-6B13DF9B9237}"
EndProject
Global
	GlobalSection(SolutionConfigurationPlatforms) = preSolution
		Debug|Any CPU = Debug|Any CPU
		Release|Any CPU = Release|Any CPU
	EndGlobalSection
	GlobalSection(ProjectConfigurationPlatforms) = postSolution
		{BDBB32CF-40EE-466E-9D44-6B13DF9B9237}.Debug|Any CPU.ActiveCfg = Debug|Any CPU
		{BDBB32CF-40EE-466E-9D44-6B13DF9B9237}.Debug|Any CPU.Build.0 = Debug|Any CPU
		{BDBB32CF-40EE-466E-9D44-6B13DF9B9237}.Release|Any CPU.ActiveCfg = Release|Any CPU
		{BDBB32CF-40EE-466E-9D44-6B13DF9B9237}.Release|Any CPU.Build.0 = Release|Any CPU
	EndGlobalSection
	GlobalSection(SolutionProperties) = preSolution
		HideSolutionNode = FALSE
	EndGlobalSection
	GlobalSection(ExtensibilityGlobals) = postSolution
		SolutionGuid = {68F8F8A2-51CC-4D23-981E-5EF6587D4B14}
	EndGlobalSection
EndGlobal
